<?xml version="1.0" encoding="UTF-8"?>
<CodeBlocks_project_file>
	<FileVersion major="1" minor="6"/>
	<Project>
		<Option title="tick"/>
		<Option makefile_is_custom="1"/>
		<Option compiler="gcc"/>
		<Option virtualFolders="CMake Files\;CMake Files\affiliates\;CMake Files\affiliates\include\;CMake Files\affiliates\client\;CMake Files\blog\;CMake Files\blog\minihello\;CMake Files\blog\hello\;CMake Files\gempyrelib\;CMake Files\gempyrelib\extra\;CMake Files\gempyrelib\extra\nlohmann_json\;CMake Files\gempyrelib\extra\nlohmann_json\tmp\;CMake Files\gempyrelib\extra\uNetworking\;CMake Files\gempyrelib\extra\uNetworking\uSockets\;CMake Files\gempyrelib\extra\uNetworking\uSockets\tmp\;CMake Files\gempyrelib\extra\uNetworking\uWebSockets\;CMake Files\gempyrelib\extra\uNetworking\uWebSockets\tmp\;CMake Files\gempyrelib\cmake\;CMake Files\test\;CMake Files\test\drawcanvas\;CMake Files\test\eval\;CMake Files\test\helloworld\;CMake Files\test\tick\;CMake Files\test\unittests\;CMake Files\test\imageblit\;CMake Files\scripts\;"/>
		<Build>
			<Target title="all">
				<Option working_dir="/Users/markusmertama/Development/Gempyre/test/tick"/>
				<Option type="4"/>
				<MakeCommands>
					<Build command="/usr/bin/make -f &quot;/Users/markusmertama/Development/Gempyre/test/tick/Makefile&quot;  VERBOSE=1 all"/>
					<CompileFile command="/usr/bin/make -f &quot;/Users/markusmertama/Development/Gempyre/test/tick/Makefile&quot;  VERBOSE=1 &quot;$file&quot;"/>
					<Clean command="/usr/bin/make -f &quot;/Users/markusmertama/Development/Gempyre/test/tick/Makefile&quot;  VERBOSE=1 clean"/>
					<DistClean command="/usr/bin/make -f &quot;/Users/markusmertama/Development/Gempyre/test/tick/Makefile&quot;  VERBOSE=1 clean"/>
				</MakeCommands>
			</Target>
			<Target title="tick_resource">
				<Option working_dir="/Users/markusmertama/Development/Gempyre/test/tick"/>
				<Option type="4"/>
				<MakeCommands>
					<Build command="/usr/bin/make -f &quot;/Users/markusmertama/Development/Gempyre/test/tick/Makefile&quot;  VERBOSE=1 tick_resource"/>
					<CompileFile command="/usr/bin/make -f &quot;/Users/markusmertama/Development/Gempyre/test/tick/Makefile&quot;  VERBOSE=1 &quot;$file&quot;"/>
					<Clean command="/usr/bin/make -f &quot;/Users/markusmertama/Development/Gempyre/test/tick/Makefile&quot;  VERBOSE=1 clean"/>
					<DistClean command="/usr/bin/make -f &quot;/Users/markusmertama/Development/Gempyre/test/tick/Makefile&quot;  VERBOSE=1 clean"/>
				</MakeCommands>
			</Target>
			<Target title="tick">
				<Option output="/Users/markusmertama/Development/Gempyre/test/tick/tick" prefix_auto="0" extension_auto="0"/>
				<Option working_dir="/Users/markusmertama/Development/Gempyre/test/tick"/>
				<Option object_output="./"/>
				<Option type="1"/>
				<Option compiler="gcc"/>
				<Compiler>
					<Add directory="/Users/markusmertama/Development/Gempyre/test/tick/../../gempyrelib/include"/>
					<Add directory="/Users/markusmertama/Development/Gempyre/test/tick/include"/>
				</Compiler>
				<MakeCommands>
					<Build command="/usr/bin/make -f &quot;/Users/markusmertama/Development/Gempyre/test/tick/Makefile&quot;  VERBOSE=1 tick"/>
					<CompileFile command="/usr/bin/make -f &quot;/Users/markusmertama/Development/Gempyre/test/tick/Makefile&quot;  VERBOSE=1 &quot;$file&quot;"/>
					<Clean command="/usr/bin/make -f &quot;/Users/markusmertama/Development/Gempyre/test/tick/Makefile&quot;  VERBOSE=1 clean"/>
					<DistClean command="/usr/bin/make -f &quot;/Users/markusmertama/Development/Gempyre/test/tick/Makefile&quot;  VERBOSE=1 clean"/>
				</MakeCommands>
			</Target>
			<Target title="tick/fast">
				<Option output="/Users/markusmertama/Development/Gempyre/test/tick/tick" prefix_auto="0" extension_auto="0"/>
				<Option working_dir="/Users/markusmertama/Development/Gempyre/test/tick"/>
				<Option object_output="./"/>
				<Option type="1"/>
				<Option compiler="gcc"/>
				<Compiler>
					<Add directory="/Users/markusmertama/Development/Gempyre/test/tick/../../gempyrelib/include"/>
					<Add directory="/Users/markusmertama/Development/Gempyre/test/tick/include"/>
				</Compiler>
				<MakeCommands>
					<Build command="/usr/bin/make -f &quot;/Users/markusmertama/Development/Gempyre/test/tick/Makefile&quot;  VERBOSE=1 tick/fast"/>
					<CompileFile command="/usr/bin/make -f &quot;/Users/markusmertama/Development/Gempyre/test/tick/Makefile&quot;  VERBOSE=1 &quot;$file&quot;"/>
					<Clean command="/usr/bin/make -f &quot;/Users/markusmertama/Development/Gempyre/test/tick/Makefile&quot;  VERBOSE=1 clean"/>
					<DistClean command="/usr/bin/make -f &quot;/Users/markusmertama/Development/Gempyre/test/tick/Makefile&quot;  VERBOSE=1 clean"/>
				</MakeCommands>
			</Target>
		</Build>
		<Unit filename="/Users/markusmertama/Development/Gempyre/test/tick/gui/tick.html">
			<Option target="tick"/>
		</Unit>
		<Unit filename="/Users/markusmertama/Development/Gempyre/test/tick/src/main.cpp">
			<Option target="tick"/>
		</Unit>
		<Unit filename="/Users/markusmertama/Development/Gempyre/CMakeLists.txt">
			<Option virtualFolder="CMake Files\"/>
		</Unit>
		<Unit filename="/Users/markusmertama/Development/Gempyre/affiliates/CMakeLists.txt">
			<Option virtualFolder="CMake Files\affiliates\"/>
		</Unit>
		<Unit filename="/Users/markusmertama/Development/Gempyre/affiliates/include/CMakeLists.txt">
			<Option virtualFolder="CMake Files\affiliates\include\"/>
		</Unit>
		<Unit filename="/Users/markusmertama/Development/Gempyre/affiliates/client/CMakeLists.txt">
			<Option virtualFolder="CMake Files\affiliates\client\"/>
		</Unit>
		<Unit filename="/Users/markusmertama/Development/Gempyre/blog/CMakeLists.txt">
			<Option virtualFolder="CMake Files\blog\"/>
		</Unit>
		<Unit filename="/Users/markusmertama/Development/Gempyre/blog/minihello/CMakeLists.txt">
			<Option virtualFolder="CMake Files\blog\minihello\"/>
		</Unit>
		<Unit filename="/Users/markusmertama/Development/Gempyre/blog/hello/CMakeLists.txt">
			<Option virtualFolder="CMake Files\blog\hello\"/>
		</Unit>
		<Unit filename="/Users/markusmertama/Development/Gempyre/gempyrelib/CMakeLists.txt">
			<Option virtualFolder="CMake Files\gempyrelib\"/>
		</Unit>
		<Unit filename="/Users/markusmertama/Development/Gempyre/gempyrelib/gempyreConfig.cmake">
			<Option virtualFolder="CMake Files\gempyrelib\"/>
		</Unit>
		<Unit filename="/Users/markusmertama/Development/Gempyre/gempyrelib/gempyreConfigVersion.cmake">
			<Option virtualFolder="CMake Files\gempyrelib\"/>
		</Unit>
		<Unit filename="/Users/markusmertama/Development/Gempyre/gempyrelib/extra/nlohmann_json/tmp/libjson-cfgcmd.txt.in">
			<Option virtualFolder="CMake Files\gempyrelib\extra\nlohmann_json\tmp\"/>
		</Unit>
		<Unit filename="/Users/markusmertama/Development/Gempyre/gempyrelib/extra/uNetworking/uSockets/tmp/libsockets-cfgcmd.txt.in">
			<Option virtualFolder="CMake Files\gempyrelib\extra\uNetworking\uSockets\tmp\"/>
		</Unit>
		<Unit filename="/Users/markusmertama/Development/Gempyre/gempyrelib/extra/uNetworking/uWebSockets/tmp/libwebsockets-cfgcmd.txt.in">
			<Option virtualFolder="CMake Files\gempyrelib\extra\uNetworking\uWebSockets\tmp\"/>
		</Unit>
		<Unit filename="/Users/markusmertama/Development/Gempyre/gempyrelib/cmake/config.cmake.in">
			<Option virtualFolder="CMake Files\gempyrelib\cmake\"/>
		</Unit>
		<Unit filename="/Users/markusmertama/Development/Gempyre/test/CMakeLists.txt">
			<Option virtualFolder="CMake Files\test\"/>
		</Unit>
		<Unit filename="/Users/markusmertama/Development/Gempyre/test/drawcanvas/CMakeLists.txt">
			<Option virtualFolder="CMake Files\test\drawcanvas\"/>
		</Unit>
		<Unit filename="/Users/markusmertama/Development/Gempyre/test/eval/CMakeLists.txt">
			<Option virtualFolder="CMake Files\test\eval\"/>
		</Unit>
		<Unit filename="/Users/markusmertama/Development/Gempyre/test/helloworld/CMakeLists.txt">
			<Option virtualFolder="CMake Files\test\helloworld\"/>
		</Unit>
		<Unit filename="/Users/markusmertama/Development/Gempyre/test/tick/CMakeLists.txt">
			<Option virtualFolder="CMake Files\test\tick\"/>
		</Unit>
		<Unit filename="/Users/markusmertama/Development/Gempyre/test/unittests/CMakeLists.txt">
			<Option virtualFolder="CMake Files\test\unittests\"/>
		</Unit>
		<Unit filename="/Users/markusmertama/Development/Gempyre/test/imageblit/CMakeLists.txt">
			<Option virtualFolder="CMake Files\test\imageblit\"/>
		</Unit>
		<Unit filename="/Users/markusmertama/Development/Gempyre/scripts/addResource.cmake_script">
			<Option virtualFolder="CMake Files\scripts\"/>
		</Unit>
	</Project>
</CodeBlocks_project_file>
